
Microsoft Visual Studio Solution File, Format Version 12.00
# Visual Studio Version 16
VisualStudioVersion = 16.0.30011.22
MinimumVisualStudioVersion = 10.0.40219.1
Project("{FAE04EC0-301F-11D3-BF4B-00C04F79EFBC}") = "TestDataGridPluralsight", "TestDataGridPluralsight\TestDataGridPluralsight.csproj", "{B4B9AB99-C57B-4CBC-99D2-3B6119064963}"
EndProject
Global
	GlobalSection(SolutionConfigurationPlatforms) = preSolution
		Debug|Any CPU = Debug|Any CPU
		Release|Any CPU = Release|Any CPU
	EndGlobalSection
	GlobalSection(ProjectConfigurationPlatforms) = postSolution
		{B4B9AB99-C57B-4CBC-99D2-3B6119064963}.Debug|Any CPU.ActiveCfg = Debug|Any CPU
		{B4B9AB99-C57B-4CBC-99D2-3B6119064963}.Debug|Any CPU.Build.0 = Debug|Any CPU
		{B4B9AB99-C57B-4CBC-99D2-3B6119064963}.Release|Any CPU.ActiveCfg = Release|Any CPU
		{B4B9AB99-C57B-4CBC-99D2-3B6119064963}.Release|Any CPU.Build.0 = Release|Any CPU
	EndGlobalSection
	GlobalSection(SolutionProperties) = preSolution
		HideSolutionNode = FALSE
	EndGlobalSection
	GlobalSection(ExtensibilityGlobals) = postSolution
		SolutionGuid = {297F0169-70F6-4511-9265-A57F4AA70090}
	EndGlobalSection
EndGlobal
